
Microsoft Visual Studio Solution File, Format Version 12.00
# Visual Studio Version 16
VisualStudioVersion = 16.0.30621.155
MinimumVisualStudioVersion = 10.0.40219.1
Project("{FAE04EC0-301F-11D3-BF4B-00C04F79EFBC}") = "WindowsFormsApp1", "WindowsFormsApp1\WindowsFormsApp1.csproj", "{9281F5B3-804D-4330-9DDE-8DD5B100576C}"
EndProject
Global
	GlobalSection(SolutionConfigurationPlatforms) = preSolution
		Debug|Any CPU = Debug|Any CPU
		Release|Any CPU = Release|Any CPU
	EndGlobalSection
	GlobalSection(ProjectConfigurationPlatforms) = postSolution
		{9281F5B3-804D-4330-9DDE-8DD5B100576C}.Debug|Any CPU.ActiveCfg = Debug|Any CPU
		{9281F5B3-804D-4330-9DDE-8DD5B100576C}.Debug|Any CPU.Build.0 = Debug|Any CPU
		{9281F5B3-804D-4330-9DDE-8DD5B100576C}.Release|Any CPU.ActiveCfg = Release|Any CPU
		{9281F5B3-804D-4330-9DDE-8DD5B100576C}.Release|Any CPU.Build.0 = Release|Any CPU
	EndGlobalSection
	GlobalSection(SolutionProperties) = preSolution
		HideSolutionNode = FALSE
	EndGlobalSection
	GlobalSection(ExtensibilityGlobals) = postSolution
		SolutionGuid = {1A579D92-0563-45CB-B54B-BE4DC5AF817E}
	EndGlobalSection
EndGlobal
